
Microsoft Visual Studio Solution File, Format Version 12.00
# Visual Studio 2012
Project("{FAE04EC0-301F-11D3-BF4B-00C04F79EFBC}") = "TilePanel", "TilePanel\TilePanel.csproj", "{34224136-4606-42C0-9D6E-DAF96111F2BF}"
EndProject
Project("{FAE04EC0-301F-11D3-BF4B-00C04F79EFBC}") = "TilePanelTestApp", "TilePanelTest\TilePanelTestApp.csproj", "{E3ED75E8-683B-4E6B-B0A2-05E94DBE7697}"
EndProject
Global
	GlobalSection(SolutionConfigurationPlatforms) = preSolution
		Debug|Any CPU = Debug|Any CPU
		Release|Any CPU = Release|Any CPU
	EndGlobalSection
	GlobalSection(ProjectConfigurationPlatforms) = postSolution
		{34224136-4606-42C0-9D6E-DAF96111F2BF}.Debug|Any CPU.ActiveCfg = Debug|x86
		{34224136-4606-42C0-9D6E-DAF96111F2BF}.Debug|Any CPU.Build.0 = Debug|x86
		{34224136-4606-42C0-9D6E-DAF96111F2BF}.Release|Any CPU.ActiveCfg = Release|x86
		{E3ED75E8-683B-4E6B-B0A2-05E94DBE7697}.Debug|Any CPU.ActiveCfg = Debug|x86
		{E3ED75E8-683B-4E6B-B0A2-05E94DBE7697}.Debug|Any CPU.Build.0 = Debug|x86
		{E3ED75E8-683B-4E6B-B0A2-05E94DBE7697}.Release|Any CPU.ActiveCfg = Release|x86
	EndGlobalSection
	GlobalSection(SolutionProperties) = preSolution
		HideSolutionNode = FALSE
	EndGlobalSection
EndGlobal
